
Microsoft Visual Studio Solution File, Format Version 12.00
# Visual Studio Version 17
VisualStudioVersion = 17.9.34728.123
MinimumVisualStudioVersion = 10.0.40219.1
Project("{2150E333-8FDC-42A3-9474-1A3956D46DE8}") = "server", "server", "{896C552F-5C03-4AB7-AEFE-2A70C318675F}"
EndProject
Project("{2150E333-8FDC-42A3-9474-1A3956D46DE8}") = "Client", "Client", "{F4368D51-64D9-413F-A74D-68F340A0C50F}"
EndProject
Project("{9A19103F-16F7-4668-BE54-9A1E7A4F7556}") = "ClientBlazor", "ClientBlazor\ClientBlazor.csproj", "{4E7A5614-71FD-40A3-ACB2-D4A662759ECA}"
EndProject
Project("{9A19103F-16F7-4668-BE54-9A1E7A4F7556}") = "Crud.Server", "Crud.Server\Crud.Server.csproj", "{7842B82F-BF28-4F84-BC85-9718A293AAB5}"
EndProject
Project("{2150E333-8FDC-42A3-9474-1A3956D46DE8}") = "Entity", "Entity", "{14A34B99-F89A-4EB8-9C1E-D753CC07E61A}"
EndProject
Project("{9A19103F-16F7-4668-BE54-9A1E7A4F7556}") = "Core", "Core\Core.csproj", "{BD7CACFD-ABC2-4F8C-8AB3-4179EC84A66A}"
EndProject
Project("{2150E333-8FDC-42A3-9474-1A3956D46DE8}") = "Repository", "Repository", "{EC3D1484-1CBD-4C3F-A896-C1E25B7BCFA1}"
EndProject
Project("{FAE04EC0-301F-11D3-BF4B-00C04F79EFBC}") = "Repositoryyyy", "Repositoryyyy\Repositoryyyy.csproj", "{7A4304D8-A9C4-431A-A897-B90F7A999628}"
EndProject
Global
	GlobalSection(SolutionConfigurationPlatforms) = preSolution
		Debug|Any CPU = Debug|Any CPU
		Release|Any CPU = Release|Any CPU
	EndGlobalSection
	GlobalSection(ProjectConfigurationPlatforms) = postSolution
		{4E7A5614-71FD-40A3-ACB2-D4A662759ECA}.Debug|Any CPU.ActiveCfg = Debug|Any CPU
		{4E7A5614-71FD-40A3-ACB2-D4A662759ECA}.Debug|Any CPU.Build.0 = Debug|Any CPU
		{4E7A5614-71FD-40A3-ACB2-D4A662759ECA}.Release|Any CPU.ActiveCfg = Release|Any CPU
		{4E7A5614-71FD-40A3-ACB2-D4A662759ECA}.Release|Any CPU.Build.0 = Release|Any CPU
		{7842B82F-BF28-4F84-BC85-9718A293AAB5}.Debug|Any CPU.ActiveCfg = Debug|Any CPU
		{7842B82F-BF28-4F84-BC85-9718A293AAB5}.Debug|Any CPU.Build.0 = Debug|Any CPU
		{7842B82F-BF28-4F84-BC85-9718A293AAB5}.Release|Any CPU.ActiveCfg = Release|Any CPU
		{7842B82F-BF28-4F84-BC85-9718A293AAB5}.Release|Any CPU.Build.0 = Release|Any CPU
		{BD7CACFD-ABC2-4F8C-8AB3-4179EC84A66A}.Debug|Any CPU.ActiveCfg = Debug|Any CPU
		{BD7CACFD-ABC2-4F8C-8AB3-4179EC84A66A}.Debug|Any CPU.Build.0 = Debug|Any CPU
		{BD7CACFD-ABC2-4F8C-8AB3-4179EC84A66A}.Release|Any CPU.ActiveCfg = Release|Any CPU
		{BD7CACFD-ABC2-4F8C-8AB3-4179EC84A66A}.Release|Any CPU.Build.0 = Release|Any CPU
		{7A4304D8-A9C4-431A-A897-B90F7A999628}.Debug|Any CPU.ActiveCfg = Debug|Any CPU
		{7A4304D8-A9C4-431A-A897-B90F7A999628}.Debug|Any CPU.Build.0 = Debug|Any CPU
		{7A4304D8-A9C4-431A-A897-B90F7A999628}.Release|Any CPU.ActiveCfg = Release|Any CPU
		{7A4304D8-A9C4-431A-A897-B90F7A999628}.Release|Any CPU.Build.0 = Release|Any CPU
	EndGlobalSection
	GlobalSection(SolutionProperties) = preSolution
		HideSolutionNode = FALSE
	EndGlobalSection
	GlobalSection(NestedProjects) = preSolution
		{4E7A5614-71FD-40A3-ACB2-D4A662759ECA} = {F4368D51-64D9-413F-A74D-68F340A0C50F}
		{7842B82F-BF28-4F84-BC85-9718A293AAB5} = {896C552F-5C03-4AB7-AEFE-2A70C318675F}
		{14A34B99-F89A-4EB8-9C1E-D753CC07E61A} = {896C552F-5C03-4AB7-AEFE-2A70C318675F}
		{BD7CACFD-ABC2-4F8C-8AB3-4179EC84A66A} = {14A34B99-F89A-4EB8-9C1E-D753CC07E61A}
		{EC3D1484-1CBD-4C3F-A896-C1E25B7BCFA1} = {896C552F-5C03-4AB7-AEFE-2A70C318675F}
		{7A4304D8-A9C4-431A-A897-B90F7A999628} = {EC3D1484-1CBD-4C3F-A896-C1E25B7BCFA1}
	EndGlobalSection
	GlobalSection(ExtensibilityGlobals) = postSolution
		SolutionGuid = {4BD0D682-8F44-4114-B942-BF0C50F1D999}
	EndGlobalSection
EndGlobal
